
Microsoft Visual Studio Solution File, Format Version 12.00
# Visual Studio Version 17
VisualStudioVersion = 17.11.35222.181
MinimumVisualStudioVersion = 10.0.40219.1
Project("{FAE04EC0-301F-11D3-BF4B-00C04F79EFBC}") = "kitap59_u17", "kitap59_u17\kitap59_u17.csproj", "{BB8C7348-20A7-47EE-88B1-100E6F9D18DC}"
EndProject
Global
	GlobalSection(SolutionConfigurationPlatforms) = preSolution
		Debug|Any CPU = Debug|Any CPU
		Release|Any CPU = Release|Any CPU
	EndGlobalSection
	GlobalSection(ProjectConfigurationPlatforms) = postSolution
		{BB8C7348-20A7-47EE-88B1-100E6F9D18DC}.Debug|Any CPU.ActiveCfg = Debug|Any CPU
		{BB8C7348-20A7-47EE-88B1-100E6F9D18DC}.Debug|Any CPU.Build.0 = Debug|Any CPU
		{BB8C7348-20A7-47EE-88B1-100E6F9D18DC}.Release|Any CPU.ActiveCfg = Release|Any CPU
		{BB8C7348-20A7-47EE-88B1-100E6F9D18DC}.Release|Any CPU.Build.0 = Release|Any CPU
	EndGlobalSection
	GlobalSection(SolutionProperties) = preSolution
		HideSolutionNode = FALSE
	EndGlobalSection
	GlobalSection(ExtensibilityGlobals) = postSolution
		SolutionGuid = {EAFFD0A2-8FD7-4C30-8050-A83E7F77F672}
	EndGlobalSection
EndGlobal
