
Microsoft Visual Studio Solution File, Format Version 12.00
# Visual Studio Version 17
VisualStudioVersion = 17.11.35222.181
MinimumVisualStudioVersion = 10.0.40219.1
Project("{FAE04EC0-301F-11D3-BF4B-00C04F79EFBC}") = "kitap 53_u11", "kitap 53_u11\kitap 53_u11.csproj", "{93ECD1E2-498A-4FEA-B7EA-3EC2C10DBC8E}"
EndProject
Global
	GlobalSection(SolutionConfigurationPlatforms) = preSolution
		Debug|Any CPU = Debug|Any CPU
		Release|Any CPU = Release|Any CPU
	EndGlobalSection
	GlobalSection(ProjectConfigurationPlatforms) = postSolution
		{93ECD1E2-498A-4FEA-B7EA-3EC2C10DBC8E}.Debug|Any CPU.ActiveCfg = Debug|Any CPU
		{93ECD1E2-498A-4FEA-B7EA-3EC2C10DBC8E}.Debug|Any CPU.Build.0 = Debug|Any CPU
		{93ECD1E2-498A-4FEA-B7EA-3EC2C10DBC8E}.Release|Any CPU.ActiveCfg = Release|Any CPU
		{93ECD1E2-498A-4FEA-B7EA-3EC2C10DBC8E}.Release|Any CPU.Build.0 = Release|Any CPU
	EndGlobalSection
	GlobalSection(SolutionProperties) = preSolution
		HideSolutionNode = FALSE
	EndGlobalSection
	GlobalSection(ExtensibilityGlobals) = postSolution
		SolutionGuid = {749DD988-5C3D-431D-9EF7-7A63EC687B28}
	EndGlobalSection
EndGlobal
