
Microsoft Visual Studio Solution File, Format Version 12.00
# Visual Studio Version 17
VisualStudioVersion = 17.11.35222.181
MinimumVisualStudioVersion = 10.0.40219.1
Project("{FAE04EC0-301F-11D3-BF4B-00C04F79EFBC}") = "kitap56_u14", "kitap56_u14\kitap56_u14.csproj", "{006EC949-8C8A-4A8A-8283-AFA821B16D09}"
EndProject
Global
	GlobalSection(SolutionConfigurationPlatforms) = preSolution
		Debug|Any CPU = Debug|Any CPU
		Release|Any CPU = Release|Any CPU
	EndGlobalSection
	GlobalSection(ProjectConfigurationPlatforms) = postSolution
		{006EC949-8C8A-4A8A-8283-AFA821B16D09}.Debug|Any CPU.ActiveCfg = Debug|Any CPU
		{006EC949-8C8A-4A8A-8283-AFA821B16D09}.Debug|Any CPU.Build.0 = Debug|Any CPU
		{006EC949-8C8A-4A8A-8283-AFA821B16D09}.Release|Any CPU.ActiveCfg = Release|Any CPU
		{006EC949-8C8A-4A8A-8283-AFA821B16D09}.Release|Any CPU.Build.0 = Release|Any CPU
	EndGlobalSection
	GlobalSection(SolutionProperties) = preSolution
		HideSolutionNode = FALSE
	EndGlobalSection
	GlobalSection(ExtensibilityGlobals) = postSolution
		SolutionGuid = {1E928EAC-CCBB-4433-9B94-BAD964BABF92}
	EndGlobalSection
EndGlobal
