
Microsoft Visual Studio Solution File, Format Version 12.00
# Visual Studio Version 17
VisualStudioVersion = 17.11.35222.181
MinimumVisualStudioVersion = 10.0.40219.1
Project("{FAE04EC0-301F-11D3-BF4B-00C04F79EFBC}") = "kitap52_u10", "kitap52_u10\kitap52_u10.csproj", "{D38CAB3B-6022-454B-BC80-F971B52388DC}"
EndProject
Global
	GlobalSection(SolutionConfigurationPlatforms) = preSolution
		Debug|Any CPU = Debug|Any CPU
		Release|Any CPU = Release|Any CPU
	EndGlobalSection
	GlobalSection(ProjectConfigurationPlatforms) = postSolution
		{D38CAB3B-6022-454B-BC80-F971B52388DC}.Debug|Any CPU.ActiveCfg = Debug|Any CPU
		{D38CAB3B-6022-454B-BC80-F971B52388DC}.Debug|Any CPU.Build.0 = Debug|Any CPU
		{D38CAB3B-6022-454B-BC80-F971B52388DC}.Release|Any CPU.ActiveCfg = Release|Any CPU
		{D38CAB3B-6022-454B-BC80-F971B52388DC}.Release|Any CPU.Build.0 = Release|Any CPU
	EndGlobalSection
	GlobalSection(SolutionProperties) = preSolution
		HideSolutionNode = FALSE
	EndGlobalSection
	GlobalSection(ExtensibilityGlobals) = postSolution
		SolutionGuid = {D44AE832-16DA-4A1D-B398-1B6CF7E085D6}
	EndGlobalSection
EndGlobal
