
Microsoft Visual Studio Solution File, Format Version 12.00
# Visual Studio Version 17
VisualStudioVersion = 17.11.35222.181
MinimumVisualStudioVersion = 10.0.40219.1
Project("{FAE04EC0-301F-11D3-BF4B-00C04F79EFBC}") = "kitap55_u13", "kitap55_u13\kitap55_u13.csproj", "{A3417CEC-533B-4E2F-A746-F0C98BBEA3DD}"
EndProject
Global
	GlobalSection(SolutionConfigurationPlatforms) = preSolution
		Debug|Any CPU = Debug|Any CPU
		Release|Any CPU = Release|Any CPU
	EndGlobalSection
	GlobalSection(ProjectConfigurationPlatforms) = postSolution
		{A3417CEC-533B-4E2F-A746-F0C98BBEA3DD}.Debug|Any CPU.ActiveCfg = Debug|Any CPU
		{A3417CEC-533B-4E2F-A746-F0C98BBEA3DD}.Debug|Any CPU.Build.0 = Debug|Any CPU
		{A3417CEC-533B-4E2F-A746-F0C98BBEA3DD}.Release|Any CPU.ActiveCfg = Release|Any CPU
		{A3417CEC-533B-4E2F-A746-F0C98BBEA3DD}.Release|Any CPU.Build.0 = Release|Any CPU
	EndGlobalSection
	GlobalSection(SolutionProperties) = preSolution
		HideSolutionNode = FALSE
	EndGlobalSection
	GlobalSection(ExtensibilityGlobals) = postSolution
		SolutionGuid = {F4169A97-3052-4EF7-9119-6303BAB1A288}
	EndGlobalSection
EndGlobal
